
Microsoft Visual Studio Solution File, Format Version 12.00
# Visual Studio 15
Project("{FAE04EC0-301F-11D3-BF4B-00C04F79EFBC}") = "DesignPattern", "DesignPattern\DesignPattern.csproj", "{597969DA-D7D2-48C8-AE07-1C1EDB038D2E}"
EndProject
Project("{FAE04EC0-301F-11D3-BF4B-00C04F79EFBC}") = "StrategyPattern", "StrategyPattern\StrategyPattern.csproj", "{72BEBC95-C4B8-441E-BADF-6E4C2E4C537A}"
EndProject
Project("{FAE04EC0-301F-11D3-BF4B-00C04F79EFBC}") = "ObservablePattern", "ObservablePattern\ObservablePattern.csproj", "{B32CE3A6-8480-4F05-A91B-000B70892206}"
EndProject
Project("{FAE04EC0-301F-11D3-BF4B-00C04F79EFBC}") = "ObservablePatternInCSharp", "ObservablePatternInCSharp\ObservablePatternInCSharp.csproj", "{ACD00D88-F13B-4E23-874D-59007D524136}"
EndProject
Project("{FAE04EC0-301F-11D3-BF4B-00C04F79EFBC}") = "DecoratorPattarn", "DecoratorPattarn\DecoratorPattarn.csproj", "{CA9B817B-D547-4D0A-92FD-804BA0C0D96E}"
EndProject
Project("{FAE04EC0-301F-11D3-BF4B-00C04F79EFBC}") = "SimpleFactory", "SimpleFactory\SimpleFactory.csproj", "{4BC7661F-5896-4F9A-8760-ECFFF1B47DE6}"
EndProject
Global
	GlobalSection(SolutionConfigurationPlatforms) = preSolution
		Debug|Any CPU = Debug|Any CPU
		Release|Any CPU = Release|Any CPU
	EndGlobalSection
	GlobalSection(ProjectConfigurationPlatforms) = postSolution
		{597969DA-D7D2-48C8-AE07-1C1EDB038D2E}.Debug|Any CPU.ActiveCfg = Debug|Any CPU
		{597969DA-D7D2-48C8-AE07-1C1EDB038D2E}.Debug|Any CPU.Build.0 = Debug|Any CPU
		{597969DA-D7D2-48C8-AE07-1C1EDB038D2E}.Release|Any CPU.ActiveCfg = Release|Any CPU
		{597969DA-D7D2-48C8-AE07-1C1EDB038D2E}.Release|Any CPU.Build.0 = Release|Any CPU
		{72BEBC95-C4B8-441E-BADF-6E4C2E4C537A}.Debug|Any CPU.ActiveCfg = Debug|Any CPU
		{72BEBC95-C4B8-441E-BADF-6E4C2E4C537A}.Debug|Any CPU.Build.0 = Debug|Any CPU
		{72BEBC95-C4B8-441E-BADF-6E4C2E4C537A}.Release|Any CPU.ActiveCfg = Release|Any CPU
		{72BEBC95-C4B8-441E-BADF-6E4C2E4C537A}.Release|Any CPU.Build.0 = Release|Any CPU
		{B32CE3A6-8480-4F05-A91B-000B70892206}.Debug|Any CPU.ActiveCfg = Debug|Any CPU
		{B32CE3A6-8480-4F05-A91B-000B70892206}.Debug|Any CPU.Build.0 = Debug|Any CPU
		{B32CE3A6-8480-4F05-A91B-000B70892206}.Release|Any CPU.ActiveCfg = Release|Any CPU
		{B32CE3A6-8480-4F05-A91B-000B70892206}.Release|Any CPU.Build.0 = Release|Any CPU
		{ACD00D88-F13B-4E23-874D-59007D524136}.Debug|Any CPU.ActiveCfg = Debug|Any CPU
		{ACD00D88-F13B-4E23-874D-59007D524136}.Debug|Any CPU.Build.0 = Debug|Any CPU
		{ACD00D88-F13B-4E23-874D-59007D524136}.Release|Any CPU.ActiveCfg = Release|Any CPU
		{ACD00D88-F13B-4E23-874D-59007D524136}.Release|Any CPU.Build.0 = Release|Any CPU
		{CA9B817B-D547-4D0A-92FD-804BA0C0D96E}.Debug|Any CPU.ActiveCfg = Debug|Any CPU
		{CA9B817B-D547-4D0A-92FD-804BA0C0D96E}.Debug|Any CPU.Build.0 = Debug|Any CPU
		{CA9B817B-D547-4D0A-92FD-804BA0C0D96E}.Release|Any CPU.ActiveCfg = Release|Any CPU
		{CA9B817B-D547-4D0A-92FD-804BA0C0D96E}.Release|Any CPU.Build.0 = Release|Any CPU
		{4BC7661F-5896-4F9A-8760-ECFFF1B47DE6}.Debug|Any CPU.ActiveCfg = Debug|Any CPU
		{4BC7661F-5896-4F9A-8760-ECFFF1B47DE6}.Debug|Any CPU.Build.0 = Debug|Any CPU
		{4BC7661F-5896-4F9A-8760-ECFFF1B47DE6}.Release|Any CPU.ActiveCfg = Release|Any CPU
		{4BC7661F-5896-4F9A-8760-ECFFF1B47DE6}.Release|Any CPU.Build.0 = Release|Any CPU
	EndGlobalSection
EndGlobal
